
Microsoft Visual Studio Solution File, Format Version 12.00
# Visual Studio 15
VisualStudioVersion = 15.0.28307.106
MinimumVisualStudioVersion = 10.0.40219.1
Project("{FAE04EC0-301F-11D3-BF4B-00C04F79EFBC}") = "Image", "Image\Image.csproj", "{412E3106-27D6-476A-A4C4-D3B805AB01E6}"
EndProject
Global
	GlobalSection(SolutionConfigurationPlatforms) = preSolution
		Debug|Any CPU = Debug|Any CPU
		Release|Any CPU = Release|Any CPU
	EndGlobalSection
	GlobalSection(ProjectConfigurationPlatforms) = postSolution
		{412E3106-27D6-476A-A4C4-D3B805AB01E6}.Debug|Any CPU.ActiveCfg = Debug|Any CPU
		{412E3106-27D6-476A-A4C4-D3B805AB01E6}.Debug|Any CPU.Build.0 = Debug|Any CPU
		{412E3106-27D6-476A-A4C4-D3B805AB01E6}.Release|Any CPU.ActiveCfg = Release|Any CPU
		{412E3106-27D6-476A-A4C4-D3B805AB01E6}.Release|Any CPU.Build.0 = Release|Any CPU
	EndGlobalSection
	GlobalSection(SolutionProperties) = preSolution
		HideSolutionNode = FALSE
	EndGlobalSection
	GlobalSection(ExtensibilityGlobals) = postSolution
		SolutionGuid = {5AE84A19-8788-442D-BDE1-ED820DBAAC1F}
	EndGlobalSection
EndGlobal
